
Microsoft Visual Studio Solution File, Format Version 12.00
# Visual Studio Version 16
VisualStudioVersion = 16.0.37327.17
MinimumVisualStudioVersion = 10.0.40219.1
Project("{8BC9CEB8-8B4A-11D0-8D11-00A0C91BC942}") = "securelane-usermode", "securelane\securelane.vcxproj", "{F05F389B-BC9A-427B-973A-4568FF3F8CB2}"
EndProject
Project("{8BC9CEB8-8B4A-11D0-8D11-00A0C91BC942}") = "securelane-driver", "securelane-driver\securelane-driver.vcxproj", "{8FFCB1BD-7631-438C-A845-57D3A8DAC465}"
EndProject
Global
	GlobalSection(SolutionConfigurationPlatforms) = preSolution
		Debug|ARM = Debug|ARM
		Debug|ARM64 = Debug|ARM64
		Debug|x64 = Debug|x64
		Debug|x86 = Debug|x86
		Release|ARM = Release|ARM
		Release|ARM64 = Release|ARM64
		Release|x64 = Release|x64
		Release|x86 = Release|x86
	EndGlobalSection
	GlobalSection(ProjectConfigurationPlatforms) = postSolution
		{F05F389B-BC9A-427B-973A-4568FF3F8CB2}.Debug|ARM.ActiveCfg = Debug|Win32
		{F05F389B-BC9A-427B-973A-4568FF3F8CB2}.Debug|ARM64.ActiveCfg = Debug|Win32
		{F05F389B-BC9A-427B-973A-4568FF3F8CB2}.Debug|x64.ActiveCfg = Debug|x64
		{F05F389B-BC9A-427B-973A-4568FF3F8CB2}.Debug|x64.Build.0 = Debug|x64
		{F05F389B-BC9A-427B-973A-4568FF3F8CB2}.Debug|x86.ActiveCfg = Debug|Win32
		{F05F389B-BC9A-427B-973A-4568FF3F8CB2}.Debug|x86.Build.0 = Debug|Win32
		{F05F389B-BC9A-427B-973A-4568FF3F8CB2}.Release|ARM.ActiveCfg = Release|Win32
		{F05F389B-BC9A-427B-973A-4568FF3F8CB2}.Release|ARM64.ActiveCfg = Release|Win32
		{F05F389B-BC9A-427B-973A-4568FF3F8CB2}.Release|x64.ActiveCfg = Release|x64
		{F05F389B-BC9A-427B-973A-4568FF3F8CB2}.Release|x64.Build.0 = Release|x64
		{F05F389B-BC9A-427B-973A-4568FF3F8CB2}.Release|x86.ActiveCfg = Release|Win32
		{F05F389B-BC9A-427B-973A-4568FF3F8CB2}.Release|x86.Build.0 = Release|Win32
		{8FFCB1BD-7631-438C-A845-57D3A8DAC465}.Debug|ARM.ActiveCfg = Debug|ARM
		{8FFCB1BD-7631-438C-A845-57D3A8DAC465}.Debug|ARM.Build.0 = Debug|ARM
		{8FFCB1BD-7631-438C-A845-57D3A8DAC465}.Debug|ARM.Deploy.0 = Debug|ARM
		{8FFCB1BD-7631-438C-A845-57D3A8DAC465}.Debug|ARM64.ActiveCfg = Debug|ARM64
		{8FFCB1BD-7631-438C-A845-57D3A8DAC465}.Debug|ARM64.Build.0 = Debug|ARM64
		{8FFCB1BD-7631-438C-A845-57D3A8DAC465}.Debug|ARM64.Deploy.0 = Debug|ARM64
		{8FFCB1BD-7631-438C-A845-57D3A8DAC465}.Debug|x64.ActiveCfg = Debug|x64
		{8FFCB1BD-7631-438C-A845-57D3A8DAC465}.Debug|x64.Build.0 = Debug|x64
		{8FFCB1BD-7631-438C-A845-57D3A8DAC465}.Debug|x64.Deploy.0 = Debug|x64
		{8FFCB1BD-7631-438C-A845-57D3A8DAC465}.Debug|x86.ActiveCfg = Debug|Win32
		{8FFCB1BD-7631-438C-A845-57D3A8DAC465}.Debug|x86.Build.0 = Debug|Win32
		{8FFCB1BD-7631-438C-A845-57D3A8DAC465}.Debug|x86.Deploy.0 = Debug|Win32
		{8FFCB1BD-7631-438C-A845-57D3A8DAC465}.Release|ARM.ActiveCfg = Release|ARM
		{8FFCB1BD-7631-438C-A845-57D3A8DAC465}.Release|ARM.Build.0 = Release|ARM
		{8FFCB1BD-7631-438C-A845-57D3A8DAC465}.Release|ARM.Deploy.0 = Release|ARM
		{8FFCB1BD-7631-438C-A845-57D3A8DAC465}.Release|ARM64.ActiveCfg = Release|ARM64
		{8FFCB1BD-7631-438C-A845-57D3A8DAC465}.Release|ARM64.Build.0 = Release|ARM64
		{8FFCB1BD-7631-438C-A845-57D3A8DAC465}.Release|ARM64.Deploy.0 = Release|ARM64
		{8FFCB1BD-7631-438C-A845-57D3A8DAC465}.Release|x64.ActiveCfg = Release|x64
		{8FFCB1BD-7631-438C-A845-57D3A8DAC465}.Release|x64.Build.0 = Release|x64
		{8FFCB1BD-7631-438C-A845-57D3A8DAC465}.Release|x64.Deploy.0 = Release|x64
		{8FFCB1BD-7631-438C-A845-57D3A8DAC465}.Release|x86.ActiveCfg = Release|Win32
		{8FFCB1BD-7631-438C-A845-57D3A8DAC465}.Release|x86.Build.0 = Release|Win32
		{8FFCB1BD-7631-438C-A845-57D3A8DAC465}.Release|x86.Deploy.0 = Release|Win32
	EndGlobalSection
	GlobalSection(SolutionProperties) = preSolution
		HideSolutionNode = FALSE
	EndGlobalSection
	GlobalSection(ExtensibilityGlobals) = postSolution
		SolutionGuid = {E5F8A1FB-D6A1-41BB-88DB-4C4C5EC06D94}
	EndGlobalSection
EndGlobal
